# nvim-devkit 依赖版本锁（GitHub API 不可用时的兜底下载地址）
NVIM_VERSION=v0.12.5
ripgrep_fallback=https://github.com/BurntSushi/ripgrep/releases/download/14.1.1/ripgrep-14.1.1-x86_64-unknown-linux-musl.tar.gz
fd_fallback=https://github.com/sharkdp/fd/releases/download/v10.2.0/fd-v10.2.0-x86_64-unknown-linux-musl.tar.gz
fzf_fallback=https://github.com/junegunn/fzf/releases/download/0.55.0/fzf-0.55.0-linux_amd64.tar.gz
lazygit_fallback=https://github.com/jesseduffield/lazygit/releases/download/v0.44.1/lazygit_0.44.1_Linux_x86_64.tar.gz
tree_sitter_fallback=https://github.com/tree-sitter/tree-sitter/releases/download/v0.25.3/tree-sitter-linux-x64.gz
